
Microsoft Visual Studio Solution File, Format Version 12.00
# Visual Studio 15
VisualStudioVersion = 15.0.27703.2035
MinimumVisualStudioVersion = 10.0.40219.1
Project("{FAE04EC0-301F-11D3-BF4B-00C04F79EFBC}") = "git-hooks", "src\git-hooks\git-hooks.csproj", "{6C64CDC2-0F03-4EFD-BED3-CEAC3E19C4E3}"
EndProject
Global
	GlobalSection(SolutionConfigurationPlatforms) = preSolution
		Debug|Any CPU = Debug|Any CPU
		Release|Any CPU = Release|Any CPU
	EndGlobalSection
	GlobalSection(ProjectConfigurationPlatforms) = postSolution
		{6C64CDC2-0F03-4EFD-BED3-CEAC3E19C4E3}.Debug|Any CPU.ActiveCfg = Debug|Any CPU
		{6C64CDC2-0F03-4EFD-BED3-CEAC3E19C4E3}.Debug|Any CPU.Build.0 = Debug|Any CPU
		{6C64CDC2-0F03-4EFD-BED3-CEAC3E19C4E3}.Release|Any CPU.ActiveCfg = Release|Any CPU
		{6C64CDC2-0F03-4EFD-BED3-CEAC3E19C4E3}.Release|Any CPU.Build.0 = Release|Any CPU
	EndGlobalSection
	GlobalSection(SolutionProperties) = preSolution
		HideSolutionNode = FALSE
	EndGlobalSection
	GlobalSection(ExtensibilityGlobals) = postSolution
		SolutionGuid = {EE8AFE45-FCF1-409A-A81B-244E799C94AF}
	EndGlobalSection
EndGlobal
